
Microsoft Visual Studio Solution File, Format Version 12.00
# Visual Studio 15
VisualStudioVersion = 15.0.28307.539
MinimumVisualStudioVersion = 10.0.40219.1
Project("{FAE04EC0-301F-11D3-BF4B-00C04F79EFBC}") = "StructuresAndUnions", "StructuresAndUnions\StructuresAndUnions.csproj", "{5A166369-E710-4CA9-950D-5CF41F6E65BE}"
EndProject
Global
	GlobalSection(SolutionConfigurationPlatforms) = preSolution
		Debug|Any CPU = Debug|Any CPU
		Release|Any CPU = Release|Any CPU
	EndGlobalSection
	GlobalSection(ProjectConfigurationPlatforms) = postSolution
		{5A166369-E710-4CA9-950D-5CF41F6E65BE}.Debug|Any CPU.ActiveCfg = Debug|Any CPU
		{5A166369-E710-4CA9-950D-5CF41F6E65BE}.Debug|Any CPU.Build.0 = Debug|Any CPU
		{5A166369-E710-4CA9-950D-5CF41F6E65BE}.Release|Any CPU.ActiveCfg = Release|Any CPU
		{5A166369-E710-4CA9-950D-5CF41F6E65BE}.Release|Any CPU.Build.0 = Release|Any CPU
	EndGlobalSection
	GlobalSection(SolutionProperties) = preSolution
		HideSolutionNode = FALSE
	EndGlobalSection
	GlobalSection(ExtensibilityGlobals) = postSolution
		SolutionGuid = {19520BC7-9F89-41BA-8C8E-F7645715D4E4}
	EndGlobalSection
EndGlobal
