
Microsoft Visual Studio Solution File, Format Version 12.00
# Visual Studio 15
VisualStudioVersion = 15.0.28307.539
MinimumVisualStudioVersion = 10.0.40219.1
Project("{FAE04EC0-301F-11D3-BF4B-00C04F79EFBC}") = "ObjectPinning", "ObjectPinning\ObjectPinning.csproj", "{8D635CB7-C057-4D52-BC5A-E5159EE094EC}"
EndProject
Project("{8BC9CEB8-8B4A-11D0-8D11-00A0C91BC942}") = "SampleNativeDll", "SampleNativeDll\SampleNativeDll.vcxproj", "{C455B73D-DBBC-4D1A-91D2-B17F0E9BD248}"
EndProject
Global
	GlobalSection(SolutionConfigurationPlatforms) = preSolution
		Debug|Any CPU = Debug|Any CPU
		Debug|x64 = Debug|x64
		Debug|x86 = Debug|x86
		Release|Any CPU = Release|Any CPU
		Release|x64 = Release|x64
		Release|x86 = Release|x86
	EndGlobalSection
	GlobalSection(ProjectConfigurationPlatforms) = postSolution
		{8D635CB7-C057-4D52-BC5A-E5159EE094EC}.Debug|Any CPU.ActiveCfg = Debug|Any CPU
		{8D635CB7-C057-4D52-BC5A-E5159EE094EC}.Debug|Any CPU.Build.0 = Debug|Any CPU
		{8D635CB7-C057-4D52-BC5A-E5159EE094EC}.Debug|x64.ActiveCfg = Debug|Any CPU
		{8D635CB7-C057-4D52-BC5A-E5159EE094EC}.Debug|x64.Build.0 = Debug|Any CPU
		{8D635CB7-C057-4D52-BC5A-E5159EE094EC}.Debug|x86.ActiveCfg = Debug|Any CPU
		{8D635CB7-C057-4D52-BC5A-E5159EE094EC}.Debug|x86.Build.0 = Debug|Any CPU
		{8D635CB7-C057-4D52-BC5A-E5159EE094EC}.Release|Any CPU.ActiveCfg = Release|Any CPU
		{8D635CB7-C057-4D52-BC5A-E5159EE094EC}.Release|Any CPU.Build.0 = Release|Any CPU
		{8D635CB7-C057-4D52-BC5A-E5159EE094EC}.Release|x64.ActiveCfg = Release|Any CPU
		{8D635CB7-C057-4D52-BC5A-E5159EE094EC}.Release|x64.Build.0 = Release|Any CPU
		{8D635CB7-C057-4D52-BC5A-E5159EE094EC}.Release|x86.ActiveCfg = Release|Any CPU
		{8D635CB7-C057-4D52-BC5A-E5159EE094EC}.Release|x86.Build.0 = Release|Any CPU
		{C455B73D-DBBC-4D1A-91D2-B17F0E9BD248}.Debug|Any CPU.ActiveCfg = Debug|Win32
		{C455B73D-DBBC-4D1A-91D2-B17F0E9BD248}.Debug|x64.ActiveCfg = Debug|x64
		{C455B73D-DBBC-4D1A-91D2-B17F0E9BD248}.Debug|x64.Build.0 = Debug|x64
		{C455B73D-DBBC-4D1A-91D2-B17F0E9BD248}.Debug|x86.ActiveCfg = Debug|Win32
		{C455B73D-DBBC-4D1A-91D2-B17F0E9BD248}.Debug|x86.Build.0 = Debug|Win32
		{C455B73D-DBBC-4D1A-91D2-B17F0E9BD248}.Release|Any CPU.ActiveCfg = Release|Win32
		{C455B73D-DBBC-4D1A-91D2-B17F0E9BD248}.Release|x64.ActiveCfg = Release|x64
		{C455B73D-DBBC-4D1A-91D2-B17F0E9BD248}.Release|x64.Build.0 = Release|x64
		{C455B73D-DBBC-4D1A-91D2-B17F0E9BD248}.Release|x86.ActiveCfg = Release|Win32
		{C455B73D-DBBC-4D1A-91D2-B17F0E9BD248}.Release|x86.Build.0 = Release|Win32
	EndGlobalSection
	GlobalSection(SolutionProperties) = preSolution
		HideSolutionNode = FALSE
	EndGlobalSection
	GlobalSection(ExtensibilityGlobals) = postSolution
		SolutionGuid = {3C4620EA-A1B5-4590-88B0-7797C24BB190}
	EndGlobalSection
EndGlobal
